// !$*UTF8*$!
{
	archiveVersion = 1;
	classes = {
	};
	objectVersion = 50;
	objects = {

/* Begin PBXBuildFile section */
		1D1C425D247C5D320097CD8C /* abilities.json in Resources */ = {isa = PBXBuildFile; fileRef = 1D1C425C247C5D320097CD8C /* abilities.json */; };
		1D1C4268247C61CF0097CD8C /* CharacterSheetTests.swift in Sources */ = {isa = PBXBuildFile; fileRef = 1D1C4267247C61CF0097CD8C /* CharacterSheetTests.swift */; };
		1D1C428B247C78550097CD8C /* CharacterSheetUITests.swift in Sources */ = {isa = PBXBuildFile; fileRef = 1D1C4282247C779A0097CD8C /* CharacterSheetUITests.swift */; };
		1D1C428D247C7EDA0097CD8C /* CompendiumTests.swift in Sources */ = {isa = PBXBuildFile; fileRef = 1D1C428C247C7EDA0097CD8C /* CompendiumTests.swift */; };
		1D1C4290247C86E40097CD8C /* SampleData.swift in Sources */ = {isa = PBXBuildFile; fileRef = 1D1C428E247C84E40097CD8C /* SampleData.swift */; };
		1D1C4293247D53DD0097CD8C /* skills.json in Resources */ = {isa = PBXBuildFile; fileRef = 1D1C4292247D53DD0097CD8C /* skills.json */; };
		1D347151246DA60400145A55 /* Race.swift in Sources */ = {isa = PBXBuildFile; fileRef = 1D347150246DA60400145A55 /* Race.swift */; };
		1D347153246E057600145A55 /* Alignment.swift in Sources */ = {isa = PBXBuildFile; fileRef = 1D347152246E057600145A55 /* Alignment.swift */; };
		1D347156246E0ACD00145A55 /* Language.swift in Sources */ = {isa = PBXBuildFile; fileRef = 1D347155246E0ACD00145A55 /* Language.swift */; };
		1D347158246E0BFF00145A55 /* CharacterClass.swift in Sources */ = {isa = PBXBuildFile; fileRef = 1D347157246E0BFF00145A55 /* CharacterClass.swift */; };
		1D34715C246E1B3F00145A55 /* Equipment.swift in Sources */ = {isa = PBXBuildFile; fileRef = 1D34715B246E1B3F00145A55 /* Equipment.swift */; };
		1D34715E246E90EA00145A55 /* Dice.swift in Sources */ = {isa = PBXBuildFile; fileRef = 1D34715D246E90EA00145A55 /* Dice.swift */; };
		1D347160246E913F00145A55 /* Campaign.swift in Sources */ = {isa = PBXBuildFile; fileRef = 1D34715F246E913F00145A55 /* Campaign.swift */; };
		1D347162246E91EC00145A55 /* CharacterSheet.swift in Sources */ = {isa = PBXBuildFile; fileRef = 1D347161246E91EC00145A55 /* CharacterSheet.swift */; };
		1D347164246EAED600145A55 /* Spellcasting.swift in Sources */ = {isa = PBXBuildFile; fileRef = 1D347163246EAED600145A55 /* Spellcasting.swift */; };
		1D347166246EAF1100145A55 /* Spell.swift in Sources */ = {isa = PBXBuildFile; fileRef = 1D347165246EAF1100145A55 /* Spell.swift */; };
		1D3471682471DDC900145A55 /* Ability.swift in Sources */ = {isa = PBXBuildFile; fileRef = 1D3471672471DDC900145A55 /* Ability.swift */; };
		1D34716A2471DE0A00145A55 /* Skill.swift in Sources */ = {isa = PBXBuildFile; fileRef = 1D3471692471DE0A00145A55 /* Skill.swift */; };
		1D34716C247201FA00145A55 /* CharacterBuilder.swift in Sources */ = {isa = PBXBuildFile; fileRef = 1D34716B247201FA00145A55 /* CharacterBuilder.swift */; };
		1D34716E247204C500145A55 /* Background.swift in Sources */ = {isa = PBXBuildFile; fileRef = 1D34716D247204C500145A55 /* Background.swift */; };
		1D34717024720B2700145A55 /* Levels.swift in Sources */ = {isa = PBXBuildFile; fileRef = 1D34716F24720B2700145A55 /* Levels.swift */; };
		1D3471722472D75A00145A55 /* Compendium.swift in Sources */ = {isa = PBXBuildFile; fileRef = 1D3471712472D75A00145A55 /* Compendium.swift */; };
		1D3471742473320900145A55 /* Proficiency.swift in Sources */ = {isa = PBXBuildFile; fileRef = 1D3471732473320900145A55 /* Proficiency.swift */; };
		1D6407E52475917800223BED /* Die.swift in Sources */ = {isa = PBXBuildFile; fileRef = 1D6407E42475917800223BED /* Die.swift */; };
		1D6407E724759A7100223BED /* DiceRoll.swift in Sources */ = {isa = PBXBuildFile; fileRef = 1D6407E624759A7100223BED /* DiceRoll.swift */; };
		1D6407E924786BD300223BED /* Trait.swift in Sources */ = {isa = PBXBuildFile; fileRef = 1D6407E824786BD300223BED /* Trait.swift */; };
		4EA6ED61247A764000C105E3 /* logChatTableView.swift in Sources */ = {isa = PBXBuildFile; fileRef = 4EA6ED60247A764000C105E3 /* logChatTableView.swift */; };
		4EA6ED64247A766900C105E3 /* logChatTableVIewCharacterCell.swift in Sources */ = {isa = PBXBuildFile; fileRef = 4EA6ED62247A766900C105E3 /* logChatTableVIewCharacterCell.swift */; };
		4EA6ED65247A766900C105E3 /* logChatTableVIewCharacterCell.xib in Resources */ = {isa = PBXBuildFile; fileRef = 4EA6ED63247A766900C105E3 /* logChatTableVIewCharacterCell.xib */; };
		4EA6ED68247A769000C105E3 /* logChatTableViewTextCell.swift in Sources */ = {isa = PBXBuildFile; fileRef = 4EA6ED66247A769000C105E3 /* logChatTableViewTextCell.swift */; };
		4EA6ED69247A769000C105E3 /* logChatTableViewTextCell.xib in Resources */ = {isa = PBXBuildFile; fileRef = 4EA6ED67247A769000C105E3 /* logChatTableViewTextCell.xib */; };
		4EC30A472477E9DA00C758AC /* CharacterSelectionTableViewCell.swift in Sources */ = {isa = PBXBuildFile; fileRef = 4EC30A452477E9DA00C758AC /* CharacterSelectionTableViewCell.swift */; };
		4EC30A482477E9DA00C758AC /* CharacterSelectionTableViewCell.xib in Resources */ = {isa = PBXBuildFile; fileRef = 4EC30A462477E9DA00C758AC /* CharacterSelectionTableViewCell.xib */; };
		4EC30A4B24780E8900C758AC /* CharacterSelectionAddCharacterTableViewCell.swift in Sources */ = {isa = PBXBuildFile; fileRef = 4EC30A4924780E8900C758AC /* CharacterSelectionAddCharacterTableViewCell.swift */; };
		4EC30A4C24780E8900C758AC /* CharacterSelectionAddCharacterTableViewCell.xib in Resources */ = {isa = PBXBuildFile; fileRef = 4EC30A4A24780E8900C758AC /* CharacterSelectionAddCharacterTableViewCell.xib */; };
		4ED4E88D24698C8C00008D2D /* LaunchScreen.storyboard in Resources */ = {isa = PBXBuildFile; fileRef = 4ED4E88B24698C8C00008D2D /* LaunchScreen.storyboard */; };
		4EDA1D53246D733200A5BCAA /* Character.swift in Sources */ = {isa = PBXBuildFile; fileRef = 4EDA1D52246D733200A5BCAA /* Character.swift */; };
		4EDD43732476A9B300E58809 /* Main.storyboard in Resources */ = {isa = PBXBuildFile; fileRef = 4EDD43722476A9B300E58809 /* Main.storyboard */; };
		4EDD43802476AA3F00E58809 /* PopUpViewController.swift in Sources */ = {isa = PBXBuildFile; fileRef = 4EDD43742476AA3E00E58809 /* PopUpViewController.swift */; };
		4EDD43812476AA3F00E58809 /* Assets.xcassets in Resources */ = {isa = PBXBuildFile; fileRef = 4EDD43752476AA3E00E58809 /* Assets.xcassets */; };
		4EDD43822476AA3F00E58809 /* SceneDelegate.swift in Sources */ = {isa = PBXBuildFile; fileRef = 4EDD43762476AA3E00E58809 /* SceneDelegate.swift */; };
		4EDD43852476AA3F00E58809 /* CampaignDetailVIew.swift in Sources */ = {isa = PBXBuildFile; fileRef = 4EDD43792476AA3E00E58809 /* CampaignDetailVIew.swift */; };
		4EDD43862476AA3F00E58809 /* CharacterSheetView.swift in Sources */ = {isa = PBXBuildFile; fileRef = 4EDD437A2476AA3E00E58809 /* CharacterSheetView.swift */; };
		4EDD43872476AA3F00E58809 /* CampaignListViewController.swift in Sources */ = {isa = PBXBuildFile; fileRef = 4EDD437B2476AA3F00E58809 /* CampaignListViewController.swift */; };
		4EDD43882476AA3F00E58809 /* ElementDetailsView.swift in Sources */ = {isa = PBXBuildFile; fileRef = 4EDD437C2476AA3F00E58809 /* ElementDetailsView.swift */; };
		4EDD43892476AA3F00E58809 /* AppDelegate.swift in Sources */ = {isa = PBXBuildFile; fileRef = 4EDD437D2476AA3F00E58809 /* AppDelegate.swift */; };
		4EDD438A2476AA3F00E58809 /* CampaignCreationView.swift in Sources */ = {isa = PBXBuildFile; fileRef = 4EDD437E2476AA3F00E58809 /* CampaignCreationView.swift */; };
		4EDD438B2476AA3F00E58809 /* CharacterCreationView.swift in Sources */ = {isa = PBXBuildFile; fileRef = 4EDD437F2476AA3F00E58809 /* CharacterCreationView.swift */; };
		4EDD43912476AC2700E58809 /* CampaignTableViewCell.xib in Resources */ = {isa = PBXBuildFile; fileRef = 4EDD438F2476AC2700E58809 /* CampaignTableViewCell.xib */; };
		4EDD43922476AC2700E58809 /* CampaignTableViewCell.swift in Sources */ = {isa = PBXBuildFile; fileRef = 4EDD43902476AC2700E58809 /* CampaignTableViewCell.swift */; };
		4EDD439C2476AD1800E58809 /* CharacterIconCollectionViewCell.xib in Resources */ = {isa = PBXBuildFile; fileRef = 4EDD439A2476AD1800E58809 /* CharacterIconCollectionViewCell.xib */; };
		4EDD439D2476AD1800E58809 /* CharacterIconCollectionViewCell.swift in Sources */ = {isa = PBXBuildFile; fileRef = 4EDD439B2476AD1800E58809 /* CharacterIconCollectionViewCell.swift */; };
/* End PBXBuildFile section */

/* Begin PBXContainerItemProxy section */
		1D1C426A247C61CF0097CD8C /* PBXContainerItemProxy */ = {
			isa = PBXContainerItemProxy;
			containerPortal = 4ED4E87524698C8B00008D2D /* Project object */;
			proxyType = 1;
			remoteGlobalIDString = 4ED4E87C24698C8B00008D2D;
			remoteInfo = "Final Challenge";
		};
		1D1C4285247C779A0097CD8C /* PBXContainerItemProxy */ = {
			isa = PBXContainerItemProxy;
			containerPortal = 4ED4E87524698C8B00008D2D /* Project object */;
			proxyType = 1;
			remoteGlobalIDString = 4ED4E87C24698C8B00008D2D;
			remoteInfo = "Final Challenge";
		};
/* End PBXContainerItemProxy section */

/* Begin PBXFileReference section */
		1D1C425C247C5D320097CD8C /* abilities.json */ = {isa = PBXFileReference; fileEncoding = 4; lastKnownFileType = text.json; path = abilities.json; sourceTree = "<group>"; };
		1D1C4265247C61CF0097CD8C /* Advanced Character SheetTests.xctest */ = {isa = PBXFileReference; explicitFileType = wrapper.cfbundle; includeInIndex = 0; path = "Advanced Character SheetTests.xctest"; sourceTree = BUILT_PRODUCTS_DIR; };
		1D1C4267247C61CF0097CD8C /* CharacterSheetTests.swift */ = {isa = PBXFileReference; lastKnownFileType = sourcecode.swift; path = CharacterSheetTests.swift; sourceTree = "<group>"; };
		1D1C4269247C61CF0097CD8C /* Info.plist */ = {isa = PBXFileReference; lastKnownFileType = text.plist.xml; path = Info.plist; sourceTree = "<group>"; };
		1D1C427B247C68C10097CD8C /* abilities.json */ = {isa = PBXFileReference; lastKnownFileType = text.json; path = abilities.json; sourceTree = "<group>"; };
		1D1C4280247C779A0097CD8C /* CharacterSheetUITests.xctest */ = {isa = PBXFileReference; explicitFileType = wrapper.cfbundle; includeInIndex = 0; path = CharacterSheetUITests.xctest; sourceTree = BUILT_PRODUCTS_DIR; };
		1D1C4282247C779A0097CD8C /* CharacterSheetUITests.swift */ = {isa = PBXFileReference; lastKnownFileType = sourcecode.swift; path = CharacterSheetUITests.swift; sourceTree = "<group>"; };
		1D1C4284247C779A0097CD8C /* Info.plist */ = {isa = PBXFileReference; lastKnownFileType = text.plist.xml; path = Info.plist; sourceTree = "<group>"; };
		1D1C428C247C7EDA0097CD8C /* CompendiumTests.swift */ = {isa = PBXFileReference; lastKnownFileType = sourcecode.swift; path = CompendiumTests.swift; sourceTree = "<group>"; };
		1D1C428E247C84E40097CD8C /* SampleData.swift */ = {isa = PBXFileReference; lastKnownFileType = sourcecode.swift; path = SampleData.swift; sourceTree = "<group>"; };
		1D1C4292247D53DD0097CD8C /* skills.json */ = {isa = PBXFileReference; fileEncoding = 4; lastKnownFileType = text.json; path = skills.json; sourceTree = "<group>"; };
		1D347150246DA60400145A55 /* Race.swift */ = {isa = PBXFileReference; lastKnownFileType = sourcecode.swift; path = Race.swift; sourceTree = "<group>"; };
		1D347152246E057600145A55 /* Alignment.swift */ = {isa = PBXFileReference; lastKnownFileType = sourcecode.swift; path = Alignment.swift; sourceTree = "<group>"; };
		1D347155246E0ACD00145A55 /* Language.swift */ = {isa = PBXFileReference; lastKnownFileType = sourcecode.swift; path = Language.swift; sourceTree = "<group>"; };
		1D347157246E0BFF00145A55 /* CharacterClass.swift */ = {isa = PBXFileReference; lastKnownFileType = sourcecode.swift; path = CharacterClass.swift; sourceTree = "<group>"; };
		1D34715B246E1B3F00145A55 /* Equipment.swift */ = {isa = PBXFileReference; lastKnownFileType = sourcecode.swift; path = Equipment.swift; sourceTree = "<group>"; };
		1D34715D246E90EA00145A55 /* Dice.swift */ = {isa = PBXFileReference; lastKnownFileType = sourcecode.swift; path = Dice.swift; sourceTree = "<group>"; };
		1D34715F246E913F00145A55 /* Campaign.swift */ = {isa = PBXFileReference; lastKnownFileType = sourcecode.swift; path = Campaign.swift; sourceTree = "<group>"; };
		1D347161246E91EC00145A55 /* CharacterSheet.swift */ = {isa = PBXFileReference; lastKnownFileType = sourcecode.swift; path = CharacterSheet.swift; sourceTree = "<group>"; };
		1D347163246EAED600145A55 /* Spellcasting.swift */ = {isa = PBXFileReference; lastKnownFileType = sourcecode.swift; path = Spellcasting.swift; sourceTree = "<group>"; };
		1D347165246EAF1100145A55 /* Spell.swift */ = {isa = PBXFileReference; lastKnownFileType = sourcecode.swift; path = Spell.swift; sourceTree = "<group>"; };
		1D3471672471DDC900145A55 /* Ability.swift */ = {isa = PBXFileReference; lastKnownFileType = sourcecode.swift; path = Ability.swift; sourceTree = "<group>"; };
		1D3471692471DE0A00145A55 /* Skill.swift */ = {isa = PBXFileReference; lastKnownFileType = sourcecode.swift; path = Skill.swift; sourceTree = "<group>"; };
		1D34716B247201FA00145A55 /* CharacterBuilder.swift */ = {isa = PBXFileReference; lastKnownFileType = sourcecode.swift; path = CharacterBuilder.swift; sourceTree = "<group>"; };
		1D34716D247204C500145A55 /* Background.swift */ = {isa = PBXFileReference; lastKnownFileType = sourcecode.swift; path = Background.swift; sourceTree = "<group>"; };
		1D34716F24720B2700145A55 /* Levels.swift */ = {isa = PBXFileReference; lastKnownFileType = sourcecode.swift; path = Levels.swift; sourceTree = "<group>"; };
		1D3471712472D75A00145A55 /* Compendium.swift */ = {isa = PBXFileReference; lastKnownFileType = sourcecode.swift; path = Compendium.swift; sourceTree = "<group>"; };
		1D3471732473320900145A55 /* Proficiency.swift */ = {isa = PBXFileReference; lastKnownFileType = sourcecode.swift; path = Proficiency.swift; sourceTree = "<group>"; };
		1D6407E42475917800223BED /* Die.swift */ = {isa = PBXFileReference; lastKnownFileType = sourcecode.swift; path = Die.swift; sourceTree = "<group>"; };
		1D6407E624759A7100223BED /* DiceRoll.swift */ = {isa = PBXFileReference; lastKnownFileType = sourcecode.swift; path = DiceRoll.swift; sourceTree = "<group>"; };
		1D6407E824786BD300223BED /* Trait.swift */ = {isa = PBXFileReference; lastKnownFileType = sourcecode.swift; path = Trait.swift; sourceTree = "<group>"; };
		4EA6ED60247A764000C105E3 /* logChatTableView.swift */ = {isa = PBXFileReference; lastKnownFileType = sourcecode.swift; path = logChatTableView.swift; sourceTree = "<group>"; };
		4EA6ED62247A766900C105E3 /* logChatTableVIewCharacterCell.swift */ = {isa = PBXFileReference; lastKnownFileType = sourcecode.swift; path = logChatTableVIewCharacterCell.swift; sourceTree = "<group>"; };
		4EA6ED63247A766900C105E3 /* logChatTableVIewCharacterCell.xib */ = {isa = PBXFileReference; lastKnownFileType = file.xib; path = logChatTableVIewCharacterCell.xib; sourceTree = "<group>"; };
		4EA6ED66247A769000C105E3 /* logChatTableViewTextCell.swift */ = {isa = PBXFileReference; lastKnownFileType = sourcecode.swift; path = logChatTableViewTextCell.swift; sourceTree = "<group>"; };
		4EA6ED67247A769000C105E3 /* logChatTableViewTextCell.xib */ = {isa = PBXFileReference; lastKnownFileType = file.xib; path = logChatTableViewTextCell.xib; sourceTree = "<group>"; };
		4EC30A452477E9DA00C758AC /* CharacterSelectionTableViewCell.swift */ = {isa = PBXFileReference; lastKnownFileType = sourcecode.swift; path = CharacterSelectionTableViewCell.swift; sourceTree = "<group>"; };
		4EC30A462477E9DA00C758AC /* CharacterSelectionTableViewCell.xib */ = {isa = PBXFileReference; lastKnownFileType = file.xib; path = CharacterSelectionTableViewCell.xib; sourceTree = "<group>"; };
		4EC30A4924780E8900C758AC /* CharacterSelectionAddCharacterTableViewCell.swift */ = {isa = PBXFileReference; lastKnownFileType = sourcecode.swift; path = CharacterSelectionAddCharacterTableViewCell.swift; sourceTree = "<group>"; };
		4EC30A4A24780E8900C758AC /* CharacterSelectionAddCharacterTableViewCell.xib */ = {isa = PBXFileReference; lastKnownFileType = file.xib; path = CharacterSelectionAddCharacterTableViewCell.xib; sourceTree = "<group>"; };
		4ED4E87D24698C8B00008D2D /* Advanced Character Sheet.app */ = {isa = PBXFileReference; explicitFileType = wrapper.application; includeInIndex = 0; path = "Advanced Character Sheet.app"; sourceTree = BUILT_PRODUCTS_DIR; };
		4ED4E88C24698C8C00008D2D /* Base */ = {isa = PBXFileReference; lastKnownFileType = file.storyboard; name = Base; path = Base.lproj/LaunchScreen.storyboard; sourceTree = "<group>"; };
		4ED4E88E24698C8C00008D2D /* Info.plist */ = {isa = PBXFileReference; lastKnownFileType = text.plist.xml; path = Info.plist; sourceTree = "<group>"; };
		4EDA1D52246D733200A5BCAA /* Character.swift */ = {isa = PBXFileReference; fileEncoding = 4; lastKnownFileType = sourcecode.swift; path = Character.swift; sourceTree = "<group>"; };
		4EDD43722476A9B300E58809 /* Main.storyboard */ = {isa = PBXFileReference; fileEncoding = 4; lastKnownFileType = file.storyboard; path = Main.storyboard; sourceTree = "<group>"; };
		4EDD43742476AA3E00E58809 /* PopUpViewController.swift */ = {isa = PBXFileReference; fileEncoding = 4; lastKnownFileType = sourcecode.swift; path = PopUpViewController.swift; sourceTree = "<group>"; };
		4EDD43752476AA3E00E58809 /* Assets.xcassets */ = {isa = PBXFileReference; lastKnownFileType = folder.assetcatalog; path = Assets.xcassets; sourceTree = "<group>"; };
		4EDD43762476AA3E00E58809 /* SceneDelegate.swift */ = {isa = PBXFileReference; fileEncoding = 4; lastKnownFileType = sourcecode.swift; path = SceneDelegate.swift; sourceTree = "<group>"; };
		4EDD43792476AA3E00E58809 /* CampaignDetailVIew.swift */ = {isa = PBXFileReference; fileEncoding = 4; lastKnownFileType = sourcecode.swift; path = CampaignDetailVIew.swift; sourceTree = "<group>"; };
		4EDD437A2476AA3E00E58809 /* CharacterSheetView.swift */ = {isa = PBXFileReference; fileEncoding = 4; lastKnownFileType = sourcecode.swift; path = CharacterSheetView.swift; sourceTree = "<group>"; };
		4EDD437B2476AA3F00E58809 /* CampaignListViewController.swift */ = {isa = PBXFileReference; fileEncoding = 4; lastKnownFileType = sourcecode.swift; path = CampaignListViewController.swift; sourceTree = "<group>"; };
		4EDD437C2476AA3F00E58809 /* ElementDetailsView.swift */ = {isa = PBXFileReference; fileEncoding = 4; lastKnownFileType = sourcecode.swift; path = ElementDetailsView.swift; sourceTree = "<group>"; };
		4EDD437D2476AA3F00E58809 /* AppDelegate.swift */ = {isa = PBXFileReference; fileEncoding = 4; lastKnownFileType = sourcecode.swift; path = AppDelegate.swift; sourceTree = "<group>"; };
		4EDD437E2476AA3F00E58809 /* CampaignCreationView.swift */ = {isa = PBXFileReference; fileEncoding = 4; lastKnownFileType = sourcecode.swift; path = CampaignCreationView.swift; sourceTree = "<group>"; };
		4EDD437F2476AA3F00E58809 /* CharacterCreationView.swift */ = {isa = PBXFileReference; fileEncoding = 4; lastKnownFileType = sourcecode.swift; path = CharacterCreationView.swift; sourceTree = "<group>"; };
		4EDD438F2476AC2700E58809 /* CampaignTableViewCell.xib */ = {isa = PBXFileReference; fileEncoding = 4; lastKnownFileType = file.xib; path = CampaignTableViewCell.xib; sourceTree = "<group>"; };
		4EDD43902476AC2700E58809 /* CampaignTableViewCell.swift */ = {isa = PBXFileReference; fileEncoding = 4; lastKnownFileType = sourcecode.swift; path = CampaignTableViewCell.swift; sourceTree = "<group>"; };
		4EDD439A2476AD1800E58809 /* CharacterIconCollectionViewCell.xib */ = {isa = PBXFileReference; fileEncoding = 4; lastKnownFileType = file.xib; path = CharacterIconCollectionViewCell.xib; sourceTree = "<group>"; };
		4EDD439B2476AD1800E58809 /* CharacterIconCollectionViewCell.swift */ = {isa = PBXFileReference; fileEncoding = 4; lastKnownFileType = sourcecode.swift; path = CharacterIconCollectionViewCell.swift; sourceTree = "<group>"; };
/* End PBXFileReference section */

/* Begin PBXFrameworksBuildPhase section */
		1D1C4262247C61CF0097CD8C /* Frameworks */ = {
			isa = PBXFrameworksBuildPhase;
			buildActionMask = 2147483647;
			files = (
			);
			runOnlyForDeploymentPostprocessing = 0;
		};
		1D1C427D247C779A0097CD8C /* Frameworks */ = {
			isa = PBXFrameworksBuildPhase;
			buildActionMask = 2147483647;
			files = (
			);
			runOnlyForDeploymentPostprocessing = 0;
		};
		4ED4E87A24698C8B00008D2D /* Frameworks */ = {
			isa = PBXFrameworksBuildPhase;
			buildActionMask = 2147483647;
			files = (
			);
			runOnlyForDeploymentPostprocessing = 0;
		};
/* End PBXFrameworksBuildPhase section */

/* Begin PBXGroup section */
		1D1C4266247C61CF0097CD8C /* Advanced Character SheetTests */ = {
			isa = PBXGroup;
			children = (
				1D1C4267247C61CF0097CD8C /* CharacterSheetTests.swift */,
				1D1C428C247C7EDA0097CD8C /* CompendiumTests.swift */,
				1D1C427B247C68C10097CD8C /* abilities.json */,
				1D1C4269247C61CF0097CD8C /* Info.plist */,
			);
			path = "Advanced Character SheetTests";
			sourceTree = "<group>";
		};
		1D1C4281247C779A0097CD8C /* CharacterSheetUITests */ = {
			isa = PBXGroup;
			children = (
				1D1C4282247C779A0097CD8C /* CharacterSheetUITests.swift */,
				1D1C4284247C779A0097CD8C /* Info.plist */,
			);
			path = CharacterSheetUITests;
			sourceTree = "<group>";
		};
		1D34714E246D75B100145A55 /* Model */ = {
			isa = PBXGroup;
			children = (
				1D34716B247201FA00145A55 /* CharacterBuilder.swift */,
				1D34715F246E913F00145A55 /* Campaign.swift */,
				4EDA1D52246D733200A5BCAA /* Character.swift */,
				1D347161246E91EC00145A55 /* CharacterSheet.swift */,
				1D347152246E057600145A55 /* Alignment.swift */,
				1D1C428E247C84E40097CD8C /* SampleData.swift */,
			);
			path = Model;
			sourceTree = "<group>";
		};
		1D34714F246DA5EA00145A55 /* Data Model */ = {
			isa = PBXGroup;
			children = (
				1D6407E324747E6100223BED /* Dice */,
				1D3471712472D75A00145A55 /* Compendium.swift */,
				1D347150246DA60400145A55 /* Race.swift */,
				1D6407E824786BD300223BED /* Trait.swift */,
				1D347157246E0BFF00145A55 /* CharacterClass.swift */,
				1D34716D247204C500145A55 /* Background.swift */,
				1D3471672471DDC900145A55 /* Ability.swift */,
				1D3471692471DE0A00145A55 /* Skill.swift */,
				1D3471732473320900145A55 /* Proficiency.swift */,
				1D347155246E0ACD00145A55 /* Language.swift */,
				1D34715B246E1B3F00145A55 /* Equipment.swift */,
				1D347163246EAED600145A55 /* Spellcasting.swift */,
				1D347165246EAF1100145A55 /* Spell.swift */,
				1D34716F24720B2700145A55 /* Levels.swift */,
			);
			path = "Data Model";
			sourceTree = "<group>";
		};
		1D347154246E070300145A55 /* Data */ = {
			isa = PBXGroup;
			children = (
				1D1C4292247D53DD0097CD8C /* skills.json */,
				1D1C425C247C5D320097CD8C /* abilities.json */,
			);
			path = Data;
			sourceTree = "<group>";
		};
		1D6407E324747E6100223BED /* Dice */ = {
			isa = PBXGroup;
			children = (
				1D6407E42475917800223BED /* Die.swift */,
				1D34715D246E90EA00145A55 /* Dice.swift */,
				1D6407E624759A7100223BED /* DiceRoll.swift */,
			);
			path = Dice;
			sourceTree = "<group>";
		};
		4EA6ED5F247A75ED00C105E3 /* CharacterSheetStuff */ = {
			isa = PBXGroup;
			children = (
				4EA6ED60247A764000C105E3 /* logChatTableView.swift */,
				4EA6ED62247A766900C105E3 /* logChatTableVIewCharacterCell.swift */,
				4EA6ED63247A766900C105E3 /* logChatTableVIewCharacterCell.xib */,
				4EA6ED66247A769000C105E3 /* logChatTableViewTextCell.swift */,
				4EA6ED67247A769000C105E3 /* logChatTableViewTextCell.xib */,
			);
			path = CharacterSheetStuff;
			sourceTree = "<group>";
		};
		4EC30A442477E96400C758AC /* CharacterSelection */ = {
			isa = PBXGroup;
			children = (
				4EC30A452477E9DA00C758AC /* CharacterSelectionTableViewCell.swift */,
				4EC30A462477E9DA00C758AC /* CharacterSelectionTableViewCell.xib */,
				4EC30A4924780E8900C758AC /* CharacterSelectionAddCharacterTableViewCell.swift */,
				4EC30A4A24780E8900C758AC /* CharacterSelectionAddCharacterTableViewCell.xib */,
			);
			path = CharacterSelection;
			sourceTree = "<group>";
		};
		4ED4E87424698C8B00008D2D = {
			isa = PBXGroup;
			children = (
				4ED4E87F24698C8B00008D2D /* Final Challenge */,
				1D1C4266247C61CF0097CD8C /* Advanced Character SheetTests */,
				1D1C4281247C779A0097CD8C /* CharacterSheetUITests */,
				4ED4E87E24698C8B00008D2D /* Products */,
			);
			sourceTree = "<group>";
		};
		4ED4E87E24698C8B00008D2D /* Products */ = {
			isa = PBXGroup;
			children = (
				4ED4E87D24698C8B00008D2D /* Advanced Character Sheet.app */,
				1D1C4265247C61CF0097CD8C /* Advanced Character SheetTests.xctest */,
				1D1C4280247C779A0097CD8C /* CharacterSheetUITests.xctest */,
			);
			name = Products;
			sourceTree = "<group>";
		};
		4ED4E87F24698C8B00008D2D /* Final Challenge */ = {
			isa = PBXGroup;
			children = (
				1D347154246E070300145A55 /* Data */,
				1D34714F246DA5EA00145A55 /* Data Model */,
				1D34714E246D75B100145A55 /* Model */,
				4EDD43982476AC9800E58809 /* CampaignChoosingScreen */,
				4EC30A442477E96400C758AC /* CharacterSelection */,
				4EDD43722476A9B300E58809 /* Main.storyboard */,
				4EDD43752476AA3E00E58809 /* Assets.xcassets */,
				4EDD437B2476AA3F00E58809 /* CampaignListViewController.swift */,
				4EDD43792476AA3E00E58809 /* CampaignDetailVIew.swift */,
				4EDD437A2476AA3E00E58809 /* CharacterSheetView.swift */,
				4EA6ED5F247A75ED00C105E3 /* CharacterSheetStuff */,
				4EDD437E2476AA3F00E58809 /* CampaignCreationView.swift */,
				4EDD437F2476AA3F00E58809 /* CharacterCreationView.swift */,
				4EDD437C2476AA3F00E58809 /* ElementDetailsView.swift */,
				4EDD43742476AA3E00E58809 /* PopUpViewController.swift */,
				4EDD437D2476AA3F00E58809 /* AppDelegate.swift */,
				4EDD43762476AA3E00E58809 /* SceneDelegate.swift */,
				4ED4E88B24698C8C00008D2D /* LaunchScreen.storyboard */,
				4ED4E88E24698C8C00008D2D /* Info.plist */,
			);
			path = "Final Challenge";
			sourceTree = "<group>";
		};
		4EDD438E2476AC0300E58809 /* CampaignListCell */ = {
			isa = PBXGroup;
			children = (
				4EDD43902476AC2700E58809 /* CampaignTableViewCell.swift */,
				4EDD438F2476AC2700E58809 /* CampaignTableViewCell.xib */,
			);
			path = CampaignListCell;
			sourceTree = "<group>";
		};
		4EDD43982476AC9800E58809 /* CampaignChoosingScreen */ = {
			isa = PBXGroup;
			children = (
				4EDD43992476AD1800E58809 /* CharacterCollectionCell */,
				4EDD438E2476AC0300E58809 /* CampaignListCell */,
			);
			path = CampaignChoosingScreen;
			sourceTree = "<group>";
		};
		4EDD43992476AD1800E58809 /* CharacterCollectionCell */ = {
			isa = PBXGroup;
			children = (
				4EDD439B2476AD1800E58809 /* CharacterIconCollectionViewCell.swift */,
				4EDD439A2476AD1800E58809 /* CharacterIconCollectionViewCell.xib */,
			);
			path = CharacterCollectionCell;
			sourceTree = "<group>";
		};
/* End PBXGroup section */

/* Begin PBXNativeTarget section */
		1D1C4264247C61CF0097CD8C /* Advanced Character SheetTests */ = {
			isa = PBXNativeTarget;
			buildConfigurationList = 1D1C426C247C61CF0097CD8C /* Build configuration list for PBXNativeTarget "Advanced Character SheetTests" */;
			buildPhases = (
				1D1C4261247C61CF0097CD8C /* Sources */,
				1D1C4262247C61CF0097CD8C /* Frameworks */,
				1D1C4263247C61CF0097CD8C /* Resources */,
			);
			buildRules = (
			);
			dependencies = (
				1D1C426B247C61CF0097CD8C /* PBXTargetDependency */,
			);
			name = "Advanced Character SheetTests";
			productName = "Advanced Character SheetTests";
			productReference = 1D1C4265247C61CF0097CD8C /* Advanced Character SheetTests.xctest */;
			productType = "com.apple.product-type.bundle.unit-test";
		};
		1D1C427F247C779A0097CD8C /* CharacterSheetUITests */ = {
			isa = PBXNativeTarget;
			buildConfigurationList = 1D1C4287247C779A0097CD8C /* Build configuration list for PBXNativeTarget "CharacterSheetUITests" */;
			buildPhases = (
				1D1C427C247C779A0097CD8C /* Sources */,
				1D1C427D247C779A0097CD8C /* Frameworks */,
				1D1C427E247C779A0097CD8C /* Resources */,
			);
			buildRules = (
			);
			dependencies = (
				1D1C4286247C779A0097CD8C /* PBXTargetDependency */,
			);
			name = CharacterSheetUITests;
			productName = CharacterSheetUITests;
			productReference = 1D1C4280247C779A0097CD8C /* CharacterSheetUITests.xctest */;
			productType = "com.apple.product-type.bundle.ui-testing";
		};
		4ED4E87C24698C8B00008D2D /* Final Challenge */ = {
			isa = PBXNativeTarget;
			buildConfigurationList = 4ED4E89124698C8C00008D2D /* Build configuration list for PBXNativeTarget "Final Challenge" */;
			buildPhases = (
				4ED4E87924698C8B00008D2D /* Sources */,
				4ED4E87A24698C8B00008D2D /* Frameworks */,
				4ED4E87B24698C8B00008D2D /* Resources */,
			);
			buildRules = (
			);
			dependencies = (
			);
			name = "Final Challenge";
			productName = "Final Challenge";
			productReference = 4ED4E87D24698C8B00008D2D /* Advanced Character Sheet.app */;
			productType = "com.apple.product-type.application";
		};
/* End PBXNativeTarget section */

/* Begin PBXProject section */
		4ED4E87524698C8B00008D2D /* Project object */ = {
			isa = PBXProject;
			attributes = {
				LastSwiftUpdateCheck = 1150;
				LastUpgradeCheck = 1140;
				ORGANIZATIONNAME = "david florczak";
				TargetAttributes = {
					1D1C4264247C61CF0097CD8C = {
						CreatedOnToolsVersion = 11.5;
						TestTargetID = 4ED4E87C24698C8B00008D2D;
					};
					1D1C427F247C779A0097CD8C = {
						CreatedOnToolsVersion = 11.5;
						TestTargetID = 4ED4E87C24698C8B00008D2D;
					};
					4ED4E87C24698C8B00008D2D = {
						CreatedOnToolsVersion = 11.4.1;
					};
				};
			};
			buildConfigurationList = 4ED4E87824698C8B00008D2D /* Build configuration list for PBXProject "Final Challenge" */;
			compatibilityVersion = "Xcode 9.3";
			developmentRegion = en;
			hasScannedForEncodings = 0;
			knownRegions = (
				en,
				Base,
			);
			mainGroup = 4ED4E87424698C8B00008D2D;
			productRefGroup = 4ED4E87E24698C8B00008D2D /* Products */;
			projectDirPath = "";
			projectRoot = "";
			targets = (
				4ED4E87C24698C8B00008D2D /* Final Challenge */,
				1D1C4264247C61CF0097CD8C /* Advanced Character SheetTests */,
				1D1C427F247C779A0097CD8C /* CharacterSheetUITests */,
			);
		};
/* End PBXProject section */

/* Begin PBXResourcesBuildPhase section */
		1D1C4263247C61CF0097CD8C /* Resources */ = {
			isa = PBXResourcesBuildPhase;
			buildActionMask = 2147483647;
			files = (
			);
			runOnlyForDeploymentPostprocessing = 0;
		};
		1D1C427E247C779A0097CD8C /* Resources */ = {
			isa = PBXResourcesBuildPhase;
			buildActionMask = 2147483647;
			files = (
			);
			runOnlyForDeploymentPostprocessing = 0;
		};
		4ED4E87B24698C8B00008D2D /* Resources */ = {
			isa = PBXResourcesBuildPhase;
			buildActionMask = 2147483647;
			files = (
				1D1C425D247C5D320097CD8C /* abilities.json in Resources */,
				1D1C4293247D53DD0097CD8C /* skills.json in Resources */,
				4EA6ED69247A769000C105E3 /* logChatTableViewTextCell.xib in Resources */,
				4EDD43912476AC2700E58809 /* CampaignTableViewCell.xib in Resources */,
				4EDD43732476A9B300E58809 /* Main.storyboard in Resources */,
				4EC30A482477E9DA00C758AC /* CharacterSelectionTableViewCell.xib in Resources */,
				4EC30A4C24780E8900C758AC /* CharacterSelectionAddCharacterTableViewCell.xib in Resources */,
				4EA6ED65247A766900C105E3 /* logChatTableVIewCharacterCell.xib in Resources */,
				4EDD43812476AA3F00E58809 /* Assets.xcassets in Resources */,
				4ED4E88D24698C8C00008D2D /* LaunchScreen.storyboard in Resources */,
				4EDD439C2476AD1800E58809 /* CharacterIconCollectionViewCell.xib in Resources */,
			);
			runOnlyForDeploymentPostprocessing = 0;
		};
/* End PBXResourcesBuildPhase section */

/* Begin PBXSourcesBuildPhase section */
		1D1C4261247C61CF0097CD8C /* Sources */ = {
			isa = PBXSourcesBuildPhase;
			buildActionMask = 2147483647;
			files = (
				1D1C428D247C7EDA0097CD8C /* CompendiumTests.swift in Sources */,
				1D1C4268247C61CF0097CD8C /* CharacterSheetTests.swift in Sources */,
			);
			runOnlyForDeploymentPostprocessing = 0;
		};
		1D1C427C247C779A0097CD8C /* Sources */ = {
			isa = PBXSourcesBuildPhase;
			buildActionMask = 2147483647;
			files = (
				1D1C428B247C78550097CD8C /* CharacterSheetUITests.swift in Sources */,
			);
			runOnlyForDeploymentPostprocessing = 0;
		};
		4ED4E87924698C8B00008D2D /* Sources */ = {
			isa = PBXSourcesBuildPhase;
			buildActionMask = 2147483647;
			files = (
				1D347158246E0BFF00145A55 /* CharacterClass.swift in Sources */,
				4EDD438A2476AA3F00E58809 /* CampaignCreationView.swift in Sources */,
				1D3471742473320900145A55 /* Proficiency.swift in Sources */,
				1D34715C246E1B3F00145A55 /* Equipment.swift in Sources */,
				4EA6ED64247A766900C105E3 /* logChatTableVIewCharacterCell.swift in Sources */,
				1D34717024720B2700145A55 /* Levels.swift in Sources */,
				1D34716A2471DE0A00145A55 /* Skill.swift in Sources */,
				1D347153246E057600145A55 /* Alignment.swift in Sources */,
				1D347151246DA60400145A55 /* Race.swift in Sources */,
				4EDD439D2476AD1800E58809 /* CharacterIconCollectionViewCell.swift in Sources */,
				4EDD43822476AA3F00E58809 /* SceneDelegate.swift in Sources */,
				1D1C4290247C86E40097CD8C /* SampleData.swift in Sources */,
				1D347162246E91EC00145A55 /* CharacterSheet.swift in Sources */,
				1D347166246EAF1100145A55 /* Spell.swift in Sources */,
				4EDD43882476AA3F00E58809 /* ElementDetailsView.swift in Sources */,
				1D347164246EAED600145A55 /* Spellcasting.swift in Sources */,
				4EDD43922476AC2700E58809 /* CampaignTableViewCell.swift in Sources */,
				4EDD438B2476AA3F00E58809 /* CharacterCreationView.swift in Sources */,
				1D3471722472D75A00145A55 /* Compendium.swift in Sources */,
				4EDD43852476AA3F00E58809 /* CampaignDetailVIew.swift in Sources */,
				1D347156246E0ACD00145A55 /* Language.swift in Sources */,
				1D6407E52475917800223BED /* Die.swift in Sources */,
				1D6407E724759A7100223BED /* DiceRoll.swift in Sources */,
				1D3471682471DDC900145A55 /* Ability.swift in Sources */,
				4EA6ED68247A769000C105E3 /* logChatTableViewTextCell.swift in Sources */,
				4EA6ED61247A764000C105E3 /* logChatTableView.swift in Sources */,
				4EC30A472477E9DA00C758AC /* CharacterSelectionTableViewCell.swift in Sources */,
				4EDA1D53246D733200A5BCAA /* Character.swift in Sources */,
				4EDD43802476AA3F00E58809 /* PopUpViewController.swift in Sources */,
				1D34716C247201FA00145A55 /* CharacterBuilder.swift in Sources */,
				4EDD43892476AA3F00E58809 /* AppDelegate.swift in Sources */,
				4EDD43872476AA3F00E58809 /* CampaignListViewController.swift in Sources */,
				4EDD43862476AA3F00E58809 /* CharacterSheetView.swift in Sources */,
				1D347160246E913F00145A55 /* Campaign.swift in Sources */,
				1D6407E924786BD300223BED /* Trait.swift in Sources */,
				1D34715E246E90EA00145A55 /* Dice.swift in Sources */,
				1D34716E247204C500145A55 /* Background.swift in Sources */,
				4EC30A4B24780E8900C758AC /* CharacterSelectionAddCharacterTableViewCell.swift in Sources */,
			);
			runOnlyForDeploymentPostprocessing = 0;
		};
/* End PBXSourcesBuildPhase section */

/* Begin PBXTargetDependency section */
		1D1C426B247C61CF0097CD8C /* PBXTargetDependency */ = {
			isa = PBXTargetDependency;
			target = 4ED4E87C24698C8B00008D2D /* Final Challenge */;
			targetProxy = 1D1C426A247C61CF0097CD8C /* PBXContainerItemProxy */;
		};
		1D1C4286247C779A0097CD8C /* PBXTargetDependency */ = {
			isa = PBXTargetDependency;
			target = 4ED4E87C24698C8B00008D2D /* Final Challenge */;
			targetProxy = 1D1C4285247C779A0097CD8C /* PBXContainerItemProxy */;
		};
/* End PBXTargetDependency section */

/* Begin PBXVariantGroup section */
		4ED4E88B24698C8C00008D2D /* LaunchScreen.storyboard */ = {
			isa = PBXVariantGroup;
			children = (
				4ED4E88C24698C8C00008D2D /* Base */,
			);
			name = LaunchScreen.storyboard;
			sourceTree = "<group>";
		};
/* End PBXVariantGroup section */

/* Begin XCBuildConfiguration section */
		1D1C426D247C61CF0097CD8C /* Debug */ = {
			isa = XCBuildConfiguration;
			buildSettings = {
				BUNDLE_LOADER = "$(TEST_HOST)";
				CODE_SIGN_STYLE = Automatic;
				DEVELOPMENT_TEAM = 7ZZ8T8ZY7C;
				INFOPLIST_FILE = "Advanced Character SheetTests/Info.plist";
				IPHONEOS_DEPLOYMENT_TARGET = 13.5;
				LD_RUNPATH_SEARCH_PATHS = (
					"$(inherited)",
					"@executable_path/Frameworks",
					"@loader_path/Frameworks",
				);
				PRODUCT_BUNDLE_IDENTIFIER = "ADA.Advanced-Character-SheetTests";
				PRODUCT_NAME = "$(TARGET_NAME)";
				SWIFT_VERSION = 5.0;
				TARGETED_DEVICE_FAMILY = "1,2";
				TEST_HOST = "$(BUILT_PRODUCTS_DIR)/Advanced Character Sheet.app/Advanced Character Sheet";
			};
			name = Debug;
		};
		1D1C426E247C61CF0097CD8C /* Release */ = {
			isa = XCBuildConfiguration;
			buildSettings = {
				BUNDLE_LOADER = "$(TEST_HOST)";
				CODE_SIGN_STYLE = Automatic;
				DEVELOPMENT_TEAM = 7ZZ8T8ZY7C;
				INFOPLIST_FILE = "Advanced Character SheetTests/Info.plist";
				IPHONEOS_DEPLOYMENT_TARGET = 13.5;
				LD_RUNPATH_SEARCH_PATHS = (
					"$(inherited)",
					"@executable_path/Frameworks",
					"@loader_path/Frameworks",
				);
				PRODUCT_BUNDLE_IDENTIFIER = "ADA.Advanced-Character-SheetTests";
				PRODUCT_NAME = "$(TARGET_NAME)";
				SWIFT_VERSION = 5.0;
				TARGETED_DEVICE_FAMILY = "1,2";
				TEST_HOST = "$(BUILT_PRODUCTS_DIR)/Advanced Character Sheet.app/Advanced Character Sheet";
			};
			name = Release;
		};
		1D1C4288247C779A0097CD8C /* Debug */ = {
			isa = XCBuildConfiguration;
			buildSettings = {
				CODE_SIGN_STYLE = Automatic;
				DEVELOPMENT_TEAM = 7ZZ8T8ZY7C;
				INFOPLIST_FILE = CharacterSheetUITests/Info.plist;
				IPHONEOS_DEPLOYMENT_TARGET = 13.5;
				LD_RUNPATH_SEARCH_PATHS = (
					"$(inherited)",
					"@executable_path/Frameworks",
					"@loader_path/Frameworks",
				);
				PRODUCT_BUNDLE_IDENTIFIER = ADA.CharacterSheetUITests;
				PRODUCT_NAME = "$(TARGET_NAME)";
				SWIFT_VERSION = 5.0;
				TARGETED_DEVICE_FAMILY = "1,2";
				TEST_TARGET_NAME = "Final Challenge";
			};
			name = Debug;
		};
		1D1C4289247C779A0097CD8C /* Release */ = {
			isa = XCBuildConfiguration;
			buildSettings = {
				CODE_SIGN_STYLE = Automatic;
				DEVELOPMENT_TEAM = 7ZZ8T8ZY7C;
				INFOPLIST_FILE = CharacterSheetUITests/Info.plist;
				IPHONEOS_DEPLOYMENT_TARGET = 13.5;
				LD_RUNPATH_SEARCH_PATHS = (
					"$(inherited)",
					"@executable_path/Frameworks",
					"@loader_path/Frameworks",
				);
				PRODUCT_BUNDLE_IDENTIFIER = ADA.CharacterSheetUITests;
				PRODUCT_NAME = "$(TARGET_NAME)";
				SWIFT_VERSION = 5.0;
				TARGETED_DEVICE_FAMILY = "1,2";
				TEST_TARGET_NAME = "Final Challenge";
			};
			name = Release;
		};
		4ED4E88F24698C8C00008D2D /* Debug */ = {
			isa = XCBuildConfiguration;
			buildSettings = {
				ALWAYS_SEARCH_USER_PATHS = NO;
				CLANG_ANALYZER_NONNULL = YES;
				CLANG_ANALYZER_NUMBER_OBJECT_CONVERSION = YES_AGGRESSIVE;
				CLANG_CXX_LANGUAGE_STANDARD = "gnu++14";
				CLANG_CXX_LIBRARY = "libc++";
				CLANG_ENABLE_MODULES = YES;
				CLANG_ENABLE_OBJC_ARC = YES;
				CLANG_ENABLE_OBJC_WEAK = YES;
				CLANG_WARN_BLOCK_CAPTURE_AUTORELEASING = YES;
				CLANG_WARN_BOOL_CONVERSION = YES;
				CLANG_WARN_COMMA = YES;
				CLANG_WARN_CONSTANT_CONVERSION = YES;
				CLANG_WARN_DEPRECATED_OBJC_IMPLEMENTATIONS = YES;
				CLANG_WARN_DIRECT_OBJC_ISA_USAGE = YES_ERROR;
				CLANG_WARN_DOCUMENTATION_COMMENTS = YES;
				CLANG_WARN_EMPTY_BODY = YES;
				CLANG_WARN_ENUM_CONVERSION = YES;
				CLANG_WARN_INFINITE_RECURSION = YES;
				CLANG_WARN_INT_CONVERSION = YES;
				CLANG_WARN_NON_LITERAL_NULL_CONVERSION = YES;
				CLANG_WARN_OBJC_IMPLICIT_RETAIN_SELF = YES;
				CLANG_WARN_OBJC_LITERAL_CONVERSION = YES;
				CLANG_WARN_OBJC_ROOT_CLASS = YES_ERROR;
				CLANG_WARN_RANGE_LOOP_ANALYSIS = YES;
				CLANG_WARN_STRICT_PROTOTYPES = YES;
				CLANG_WARN_SUSPICIOUS_MOVE = YES;
				CLANG_WARN_UNGUARDED_AVAILABILITY = YES_AGGRESSIVE;
				CLANG_WARN_UNREACHABLE_CODE = YES;
				CLANG_WARN__DUPLICATE_METHOD_MATCH = YES;
				COPY_PHASE_STRIP = NO;
				DEBUG_INFORMATION_FORMAT = dwarf;
				ENABLE_STRICT_OBJC_MSGSEND = YES;
				ENABLE_TESTABILITY = YES;
				GCC_C_LANGUAGE_STANDARD = gnu11;
				GCC_DYNAMIC_NO_PIC = NO;
				GCC_NO_COMMON_BLOCKS = YES;
				GCC_OPTIMIZATION_LEVEL = 0;
				GCC_PREPROCESSOR_DEFINITIONS = (
					"DEBUG=1",
					"$(inherited)",
				);
				GCC_WARN_64_TO_32_BIT_CONVERSION = YES;
				GCC_WARN_ABOUT_RETURN_TYPE = YES_ERROR;
				GCC_WARN_UNDECLARED_SELECTOR = YES;
				GCC_WARN_UNINITIALIZED_AUTOS = YES_AGGRESSIVE;
				GCC_WARN_UNUSED_FUNCTION = YES;
				GCC_WARN_UNUSED_VARIABLE = YES;
				IPHONEOS_DEPLOYMENT_TARGET = 13.4;
				MTL_ENABLE_DEBUG_INFO = INCLUDE_SOURCE;
				MTL_FAST_MATH = YES;
				ONLY_ACTIVE_ARCH = YES;
				SDKROOT = iphoneos;
				SWIFT_ACTIVE_COMPILATION_CONDITIONS = DEBUG;
				SWIFT_OPTIMIZATION_LEVEL = "-Onone";
			};
			name = Debug;
		};
		4ED4E89024698C8C00008D2D /* Release */ = {
			isa = XCBuildConfiguration;
			buildSettings = {
				ALWAYS_SEARCH_USER_PATHS = NO;
				CLANG_ANALYZER_NONNULL = YES;
				CLANG_ANALYZER_NUMBER_OBJECT_CONVERSION = YES_AGGRESSIVE;
				CLANG_CXX_LANGUAGE_STANDARD = "gnu++14";
				CLANG_CXX_LIBRARY = "libc++";
				CLANG_ENABLE_MODULES = YES;
				CLANG_ENABLE_OBJC_ARC = YES;
				CLANG_ENABLE_OBJC_WEAK = YES;
				CLANG_WARN_BLOCK_CAPTURE_AUTORELEASING = YES;
				CLANG_WARN_BOOL_CONVERSION = YES;
				CLANG_WARN_COMMA = YES;
				CLANG_WARN_CONSTANT_CONVERSION = YES;
				CLANG_WARN_DEPRECATED_OBJC_IMPLEMENTATIONS = YES;
				CLANG_WARN_DIRECT_OBJC_ISA_USAGE = YES_ERROR;
				CLANG_WARN_DOCUMENTATION_COMMENTS = YES;
				CLANG_WARN_EMPTY_BODY = YES;
				CLANG_WARN_ENUM_CONVERSION = YES;
				CLANG_WARN_INFINITE_RECURSION = YES;
				CLANG_WARN_INT_CONVERSION = YES;
				CLANG_WARN_NON_LITERAL_NULL_CONVERSION = YES;
				CLANG_WARN_OBJC_IMPLICIT_RETAIN_SELF = YES;
				CLANG_WARN_OBJC_LITERAL_CONVERSION = YES;
				CLANG_WARN_OBJC_ROOT_CLASS = YES_ERROR;
				CLANG_WARN_RANGE_LOOP_ANALYSIS = YES;
				CLANG_WARN_STRICT_PROTOTYPES = YES;
				CLANG_WARN_SUSPICIOUS_MOVE = YES;
				CLANG_WARN_UNGUARDED_AVAILABILITY = YES_AGGRESSIVE;
				CLANG_WARN_UNREACHABLE_CODE = YES;
				CLANG_WARN__DUPLICATE_METHOD_MATCH = YES;
				COPY_PHASE_STRIP = NO;
				DEBUG_INFORMATION_FORMAT = "dwarf-with-dsym";
				ENABLE_NS_ASSERTIONS = NO;
				ENABLE_STRICT_OBJC_MSGSEND = YES;
				GCC_C_LANGUAGE_STANDARD = gnu11;
				GCC_NO_COMMON_BLOCKS = YES;
				GCC_WARN_64_TO_32_BIT_CONVERSION = YES;
				GCC_WARN_ABOUT_RETURN_TYPE = YES_ERROR;
				GCC_WARN_UNDECLARED_SELECTOR = YES;
				GCC_WARN_UNINITIALIZED_AUTOS = YES_AGGRESSIVE;
				GCC_WARN_UNUSED_FUNCTION = YES;
				GCC_WARN_UNUSED_VARIABLE = YES;
				IPHONEOS_DEPLOYMENT_TARGET = 13.4;
				MTL_ENABLE_DEBUG_INFO = NO;
				MTL_FAST_MATH = YES;
				SDKROOT = iphoneos;
				SWIFT_COMPILATION_MODE = wholemodule;
				SWIFT_OPTIMIZATION_LEVEL = "-O";
				VALIDATE_PRODUCT = YES;
			};
			name = Release;
		};
		4ED4E89224698C8C00008D2D /* Debug */ = {
			isa = XCBuildConfiguration;
			buildSettings = {
				ASSETCATALOG_COMPILER_APPICON_NAME = AppIcon;
				CODE_SIGN_IDENTITY = "Apple Development";
				CODE_SIGN_STYLE = Automatic;
				DEVELOPMENT_TEAM = U6V45ZJ776;
				INFOPLIST_FILE = "Final Challenge/Info.plist";
				LD_RUNPATH_SEARCH_PATHS = (
					"$(inherited)",
					"@executable_path/Frameworks",
				);
				PRODUCT_BUNDLE_IDENTIFIER = com.dflorczak.FinalChallenge;
				PRODUCT_NAME = "Advanced Character Sheet";
				PROVISIONING_PROFILE_SPECIFIER = "";
				SWIFT_VERSION = 5.0;
				TARGETED_DEVICE_FAMILY = "1,2";
			};
			name = Debug;
		};
		4ED4E89324698C8C00008D2D /* Release */ = {
			isa = XCBuildConfiguration;
			buildSettings = {
				ASSETCATALOG_COMPILER_APPICON_NAME = AppIcon;
				CODE_SIGN_IDENTITY = "Apple Development";
				CODE_SIGN_STYLE = Automatic;
				DEVELOPMENT_TEAM = U6V45ZJ776;
				INFOPLIST_FILE = "Final Challenge/Info.plist";
				LD_RUNPATH_SEARCH_PATHS = (
					"$(inherited)",
					"@executable_path/Frameworks",
				);
				PRODUCT_BUNDLE_IDENTIFIER = com.dflorczak.FinalChallenge;
				PRODUCT_NAME = "Advanced Character Sheet";
				PROVISIONING_PROFILE_SPECIFIER = "";
				SWIFT_VERSION = 5.0;
				TARGETED_DEVICE_FAMILY = "1,2";
			};
			name = Release;
		};
/* End XCBuildConfiguration section */

/* Begin XCConfigurationList section */
		1D1C426C247C61CF0097CD8C /* Build configuration list for PBXNativeTarget "Advanced Character SheetTests" */ = {
			isa = XCConfigurationList;
			buildConfigurations = (
				1D1C426D247C61CF0097CD8C /* Debug */,
				1D1C426E247C61CF0097CD8C /* Release */,
			);
			defaultConfigurationIsVisible = 0;
			defaultConfigurationName = Release;
		};
		1D1C4287247C779A0097CD8C /* Build configuration list for PBXNativeTarget "CharacterSheetUITests" */ = {
			isa = XCConfigurationList;
			buildConfigurations = (
				1D1C4288247C779A0097CD8C /* Debug */,
				1D1C4289247C779A0097CD8C /* Release */,
			);
			defaultConfigurationIsVisible = 0;
			defaultConfigurationName = Release;
		};
		4ED4E87824698C8B00008D2D /* Build configuration list for PBXProject "Final Challenge" */ = {
			isa = XCConfigurationList;
			buildConfigurations = (
				4ED4E88F24698C8C00008D2D /* Debug */,
				4ED4E89024698C8C00008D2D /* Release */,
			);
			defaultConfigurationIsVisible = 0;
			defaultConfigurationName = Release;
		};
		4ED4E89124698C8C00008D2D /* Build configuration list for PBXNativeTarget "Final Challenge" */ = {
			isa = XCConfigurationList;
			buildConfigurations = (
				4ED4E89224698C8C00008D2D /* Debug */,
				4ED4E89324698C8C00008D2D /* Release */,
			);
			defaultConfigurationIsVisible = 0;
			defaultConfigurationName = Release;
		};
/* End XCConfigurationList section */
	};
	rootObject = 4ED4E87524698C8B00008D2D /* Project object */;
}
